
Microsoft Visual Studio Solution File, Format Version 11.00
# Visual Studio 2010
Project("{FAE04EC0-301F-11D3-BF4B-00C04F79EFBC}") = "DuckSoulsDLC1", "DuckSoulsDLC1\DuckSoulsDLC1.csproj", "{ECAB566A-65BA-45A2-87FC-C82B5FA520FF}"
EndProject
Global
	GlobalSection(SolutionConfigurationPlatforms) = preSolution
		Debug|Any CPU = Debug|Any CPU
		Release|Any CPU = Release|Any CPU
	EndGlobalSection
	GlobalSection(ProjectConfigurationPlatforms) = postSolution
		{ECAB566A-65BA-45A2-87FC-C82B5FA520FF}.Debug|Any CPU.ActiveCfg = Debug|Any CPU
		{ECAB566A-65BA-45A2-87FC-C82B5FA520FF}.Debug|Any CPU.Build.0 = Debug|Any CPU
		{ECAB566A-65BA-45A2-87FC-C82B5FA520FF}.Release|Any CPU.ActiveCfg = Release|Any CPU
		{ECAB566A-65BA-45A2-87FC-C82B5FA520FF}.Release|Any CPU.Build.0 = Release|Any CPU
	EndGlobalSection
	GlobalSection(SolutionProperties) = preSolution
		HideSolutionNode = FALSE
	EndGlobalSection
EndGlobal
